// !$*UTF8*$!
{
	archiveVersion = 1;
	classes = {
	};
	objectVersion = 46;
	objects = {

/* Begin PBXBuildFile section */
		4703BFF91BC7AB22007DAE0E /* CHNRootController.m in Sources */ = {isa = PBXBuildFile; fileRef = 4703BFF81BC7AB22007DAE0E /* CHNRootController.m */; settings = {ASSET_TAGS = (); }; };
		4703C0001BC7AC1F007DAE0E /* CHNTableVC.m in Sources */ = {isa = PBXBuildFile; fileRef = 4703BFFF1BC7AC1F007DAE0E /* CHNTableVC.m */; settings = {ASSET_TAGS = (); }; };
		477132841BC7A32F0056974B /* main.m in Sources */ = {isa = PBXBuildFile; fileRef = 477132831BC7A32F0056974B /* main.m */; };
		477132871BC7A32F0056974B /* AppDelegate.m in Sources */ = {isa = PBXBuildFile; fileRef = 477132861BC7A32F0056974B /* AppDelegate.m */; };
		4771328D1BC7A32F0056974B /* Main.storyboard in Resources */ = {isa = PBXBuildFile; fileRef = 4771328B1BC7A32F0056974B /* Main.storyboard */; };
		4771328F1BC7A32F0056974B /* Assets.xcassets in Resources */ = {isa = PBXBuildFile; fileRef = 4771328E1BC7A32F0056974B /* Assets.xcassets */; };
		477132921BC7A32F0056974B /* LaunchScreen.storyboard in Resources */ = {isa = PBXBuildFile; fileRef = 477132901BC7A32F0056974B /* LaunchScreen.storyboard */; };
		4771329D1BC7A32F0056974B /* ChasingNetTests.m in Sources */ = {isa = PBXBuildFile; fileRef = 4771329C1BC7A32F0056974B /* ChasingNetTests.m */; };
		477132A81BC7A32F0056974B /* ChasingNetUITests.m in Sources */ = {isa = PBXBuildFile; fileRef = 477132A71BC7A32F0056974B /* ChasingNetUITests.m */; };
/* End PBXBuildFile section */

/* Begin PBXContainerItemProxy section */
		477132991BC7A32F0056974B /* PBXContainerItemProxy */ = {
			isa = PBXContainerItemProxy;
			containerPortal = 477132771BC7A32F0056974B /* Project object */;
			proxyType = 1;
			remoteGlobalIDString = 4771327E1BC7A32F0056974B;
			remoteInfo = ChasingNet;
		};
		477132A41BC7A32F0056974B /* PBXContainerItemProxy */ = {
			isa = PBXContainerItemProxy;
			containerPortal = 477132771BC7A32F0056974B /* Project object */;
			proxyType = 1;
			remoteGlobalIDString = 4771327E1BC7A32F0056974B;
			remoteInfo = ChasingNet;
		};
/* End PBXContainerItemProxy section */

/* Begin PBXFileReference section */
		4703BFF71BC7AB22007DAE0E /* CHNRootController.h */ = {isa = PBXFileReference; fileEncoding = 4; lastKnownFileType = sourcecode.c.h; path = CHNRootController.h; sourceTree = "<group>"; };
		4703BFF81BC7AB22007DAE0E /* CHNRootController.m */ = {isa = PBXFileReference; fileEncoding = 4; lastKnownFileType = sourcecode.c.objc; path = CHNRootController.m; sourceTree = "<group>"; };
		4703BFFE1BC7AC1F007DAE0E /* CHNTableVC.h */ = {isa = PBXFileReference; fileEncoding = 4; lastKnownFileType = sourcecode.c.h; path = CHNTableVC.h; sourceTree = "<group>"; };
		4703BFFF1BC7AC1F007DAE0E /* CHNTableVC.m */ = {isa = PBXFileReference; fileEncoding = 4; lastKnownFileType = sourcecode.c.objc; path = CHNTableVC.m; sourceTree = "<group>"; };
		4771327F1BC7A32F0056974B /* ChasingNet.app */ = {isa = PBXFileReference; explicitFileType = wrapper.application; includeInIndex = 0; path = ChasingNet.app; sourceTree = BUILT_PRODUCTS_DIR; };
		477132831BC7A32F0056974B /* main.m */ = {isa = PBXFileReference; lastKnownFileType = sourcecode.c.objc; path = main.m; sourceTree = "<group>"; };
		477132851BC7A32F0056974B /* AppDelegate.h */ = {isa = PBXFileReference; lastKnownFileType = sourcecode.c.h; path = AppDelegate.h; sourceTree = "<group>"; };
		477132861BC7A32F0056974B /* AppDelegate.m */ = {isa = PBXFileReference; lastKnownFileType = sourcecode.c.objc; path = AppDelegate.m; sourceTree = "<group>"; };
		4771328C1BC7A32F0056974B /* Base */ = {isa = PBXFileReference; lastKnownFileType = file.storyboard; name = Base; path = Base.lproj/Main.storyboard; sourceTree = "<group>"; };
		4771328E1BC7A32F0056974B /* Assets.xcassets */ = {isa = PBXFileReference; lastKnownFileType = folder.assetcatalog; path = Assets.xcassets; sourceTree = "<group>"; };
		477132911BC7A32F0056974B /* Base */ = {isa = PBXFileReference; lastKnownFileType = file.storyboard; name = Base; path = Base.lproj/LaunchScreen.storyboard; sourceTree = "<group>"; };
		477132931BC7A32F0056974B /* Info.plist */ = {isa = PBXFileReference; lastKnownFileType = text.plist.xml; path = Info.plist; sourceTree = "<group>"; };
		477132981BC7A32F0056974B /* ChasingNetTests.xctest */ = {isa = PBXFileReference; explicitFileType = wrapper.cfbundle; includeInIndex = 0; path = ChasingNetTests.xctest; sourceTree = BUILT_PRODUCTS_DIR; };
		4771329C1BC7A32F0056974B /* ChasingNetTests.m */ = {isa = PBXFileReference; lastKnownFileType = sourcecode.c.objc; path = ChasingNetTests.m; sourceTree = "<group>"; };
		4771329E1BC7A32F0056974B /* Info.plist */ = {isa = PBXFileReference; lastKnownFileType = text.plist.xml; path = Info.plist; sourceTree = "<group>"; };
		477132A31BC7A32F0056974B /* ChasingNetUITests.xctest */ = {isa = PBXFileReference; explicitFileType = wrapper.cfbundle; includeInIndex = 0; path = ChasingNetUITests.xctest; sourceTree = BUILT_PRODUCTS_DIR; };
		477132A71BC7A32F0056974B /* ChasingNetUITests.m */ = {isa = PBXFileReference; lastKnownFileType = sourcecode.c.objc; path = ChasingNetUITests.m; sourceTree = "<group>"; };
		477132A91BC7A32F0056974B /* Info.plist */ = {isa = PBXFileReference; lastKnownFileType = text.plist.xml; path = Info.plist; sourceTree = "<group>"; };
/* End PBXFileReference section */

/* Begin PBXFrameworksBuildPhase section */
		4771327C1BC7A32F0056974B /* Frameworks */ = {
			isa = PBXFrameworksBuildPhase;
			buildActionMask = 2147483647;
			files = (
			);
			runOnlyForDeploymentPostprocessing = 0;
		};
		477132951BC7A32F0056974B /* Frameworks */ = {
			isa = PBXFrameworksBuildPhase;
			buildActionMask = 2147483647;
			files = (
			);
			runOnlyForDeploymentPostprocessing = 0;
		};
		477132A01BC7A32F0056974B /* Frameworks */ = {
			isa = PBXFrameworksBuildPhase;
			buildActionMask = 2147483647;
			files = (
			);
			runOnlyForDeploymentPostprocessing = 0;
		};
/* End PBXFrameworksBuildPhase section */

/* Begin PBXGroup section */
		4703BFF61BC7AB22007DAE0E /* Controller */ = {
			isa = PBXGroup;
			children = (
				4703BFF71BC7AB22007DAE0E /* CHNRootController.h */,
				4703BFF81BC7AB22007DAE0E /* CHNRootController.m */,
				4703BFFE1BC7AC1F007DAE0E /* CHNTableVC.h */,
				4703BFFF1BC7AC1F007DAE0E /* CHNTableVC.m */,
			);
			path = Controller;
			sourceTree = "<group>";
		};
		477132761BC7A32F0056974B = {
			isa = PBXGroup;
			children = (
				477132811BC7A32F0056974B /* ChasingNet */,
				4771329B1BC7A32F0056974B /* ChasingNetTests */,
				477132A61BC7A32F0056974B /* ChasingNetUITests */,
				477132801BC7A32F0056974B /* Products */,
			);
			sourceTree = "<group>";
		};
		477132801BC7A32F0056974B /* Products */ = {
			isa = PBXGroup;
			children = (
				4771327F1BC7A32F0056974B /* ChasingNet.app */,
				477132981BC7A32F0056974B /* ChasingNetTests.xctest */,
				477132A31BC7A32F0056974B /* ChasingNetUITests.xctest */,
			);
			name = Products;
			sourceTree = "<group>";
		};
		477132811BC7A32F0056974B /* ChasingNet */ = {
			isa = PBXGroup;
			children = (
				4703BFF61BC7AB22007DAE0E /* Controller */,
				477132851BC7A32F0056974B /* AppDelegate.h */,
				477132861BC7A32F0056974B /* AppDelegate.m */,
				4771328B1BC7A32F0056974B /* Main.storyboard */,
				4771328E1BC7A32F0056974B /* Assets.xcassets */,
				477132901BC7A32F0056974B /* LaunchScreen.storyboard */,
				477132931BC7A32F0056974B /* Info.plist */,
				477132821BC7A32F0056974B /* Supporting Files */,
			);
			path = ChasingNet;
			sourceTree = "<group>";
		};
		477132821BC7A32F0056974B /* Supporting Files */ = {
			isa = PBXGroup;
			children = (
				477132831BC7A32F0056974B /* main.m */,
			);
			name = "Supporting Files";
			sourceTree = "<group>";
		};
		4771329B1BC7A32F0056974B /* ChasingNetTests */ = {
			isa = PBXGroup;
			children = (
				4771329C1BC7A32F0056974B /* ChasingNetTests.m */,
				4771329E1BC7A32F0056974B /* Info.plist */,
			);
			path = ChasingNetTests;
			sourceTree = "<group>";
		};
		477132A61BC7A32F0056974B /* ChasingNetUITests */ = {
			isa = PBXGroup;
			children = (
				477132A71BC7A32F0056974B /* ChasingNetUITests.m */,
				477132A91BC7A32F0056974B /* Info.plist */,
			);
			path = ChasingNetUITests;
			sourceTree = "<group>";
		};
/* End PBXGroup section */

/* Begin PBXNativeTarget section */
		4771327E1BC7A32F0056974B /* ChasingNet */ = {
			isa = PBXNativeTarget;
			buildConfigurationList = 477132AC1BC7A32F0056974B /* Build configuration list for PBXNativeTarget "ChasingNet" */;
			buildPhases = (
				4771327B1BC7A32F0056974B /* Sources */,
				4771327C1BC7A32F0056974B /* Frameworks */,
				4771327D1BC7A32F0056974B /* Resources */,
			);
			buildRules = (
			);
			dependencies = (
			);
			name = ChasingNet;
			productName = ChasingNet;
			productReference = 4771327F1BC7A32F0056974B /* ChasingNet.app */;
			productType = "com.apple.product-type.application";
		};
		477132971BC7A32F0056974B /* ChasingNetTests */ = {
			isa = PBXNativeTarget;
			buildConfigurationList = 477132AF1BC7A32F0056974B /* Build configuration list for PBXNativeTarget "ChasingNetTests" */;
			buildPhases = (
				477132941BC7A32F0056974B /* Sources */,
				477132951BC7A32F0056974B /* Frameworks */,
				477132961BC7A32F0056974B /* Resources */,
			);
			buildRules = (
			);
			dependencies = (
				4771329A1BC7A32F0056974B /* PBXTargetDependency */,
			);
			name = ChasingNetTests;
			productName = ChasingNetTests;
			productReference = 477132981BC7A32F0056974B /* ChasingNetTests.xctest */;
			productType = "com.apple.product-type.bundle.unit-test";
		};
		477132A21BC7A32F0056974B /* ChasingNetUITests */ = {
			isa = PBXNativeTarget;
			buildConfigurationList = 477132B21BC7A32F0056974B /* Build configuration list for PBXNativeTarget "ChasingNetUITests" */;
			buildPhases = (
				4771329F1BC7A32F0056974B /* Sources */,
				477132A01BC7A32F0056974B /* Frameworks */,
				477132A11BC7A32F0056974B /* Resources */,
			);
			buildRules = (
			);
			dependencies = (
				477132A51BC7A32F0056974B /* PBXTargetDependency */,
			);
			name = ChasingNetUITests;
			productName = ChasingNetUITests;
			productReference = 477132A31BC7A32F0056974B /* ChasingNetUITests.xctest */;
			productType = "com.apple.product-type.bundle.ui-testing";
		};
/* End PBXNativeTarget section */

/* Begin PBXProject section */
		477132771BC7A32F0056974B /* Project object */ = {
			isa = PBXProject;
			attributes = {
				LastUpgradeCheck = 0700;
				ORGANIZATIONNAME = tianwenhao;
				TargetAttributes = {
					4771327E1BC7A32F0056974B = {
						CreatedOnToolsVersion = 7.0.1;
					};
					477132971BC7A32F0056974B = {
						CreatedOnToolsVersion = 7.0.1;
						TestTargetID = 4771327E1BC7A32F0056974B;
					};
					477132A21BC7A32F0056974B = {
						CreatedOnToolsVersion = 7.0.1;
						TestTargetID = 4771327E1BC7A32F0056974B;
					};
				};
			};
			buildConfigurationList = 4771327A1BC7A32F0056974B /* Build configuration list for PBXProject "ChasingNet" */;
			compatibilityVersion = "Xcode 3.2";
			developmentRegion = English;
			hasScannedForEncodings = 0;
			knownRegions = (
				en,
				Base,
			);
			mainGroup = 477132761BC7A32F0056974B;
			productRefGroup = 477132801BC7A32F0056974B /* Products */;
			projectDirPath = "";
			projectRoot = "";
			targets = (
				4771327E1BC7A32F0056974B /* ChasingNet */,
				477132971BC7A32F0056974B /* ChasingNetTests */,
				477132A21BC7A32F0056974B /* ChasingNetUITests */,
			);
		};
/* End PBXProject section */

/* Begin PBXResourcesBuildPhase section */
		4771327D1BC7A32F0056974B /* Resources */ = {
			isa = PBXResourcesBuildPhase;
			buildActionMask = 2147483647;
			files = (
				477132921BC7A32F0056974B /* LaunchScreen.storyboard in Resources */,
				4771328F1BC7A32F0056974B /* Assets.xcassets in Resources */,
				4771328D1BC7A32F0056974B /* Main.storyboard in Resources */,
			);
			runOnlyForDeploymentPostprocessing = 0;
		};
		477132961BC7A32F0056974B /* Resources */ = {
			isa = PBXResourcesBuildPhase;
			buildActionMask = 2147483647;
			files = (
			);
			runOnlyForDeploymentPostprocessing = 0;
		};
		477132A11BC7A32F0056974B /* Resources */ = {
			isa = PBXResourcesBuildPhase;
			buildActionMask = 2147483647;
			files = (
			);
			runOnlyForDeploymentPostprocessing = 0;
		};
/* End PBXResourcesBuildPhase section */

/* Begin PBXSourcesBuildPhase section */
		4771327B1BC7A32F0056974B /* Sources */ = {
			isa = PBXSourcesBuildPhase;
			buildActionMask = 2147483647;
			files = (
				477132871BC7A32F0056974B /* AppDelegate.m in Sources */,
				4703C0001BC7AC1F007DAE0E /* CHNTableVC.m in Sources */,
				4703BFF91BC7AB22007DAE0E /* CHNRootController.m in Sources */,
				477132841BC7A32F0056974B /* main.m in Sources */,
			);
			runOnlyForDeploymentPostprocessing = 0;
		};
		477132941BC7A32F0056974B /* Sources */ = {
			isa = PBXSourcesBuildPhase;
			buildActionMask = 2147483647;
			files = (
				4771329D1BC7A32F0056974B /* ChasingNetTests.m in Sources */,
			);
			runOnlyForDeploymentPostprocessing = 0;
		};
		4771329F1BC7A32F0056974B /* Sources */ = {
			isa = PBXSourcesBuildPhase;
			buildActionMask = 2147483647;
			files = (
				477132A81BC7A32F0056974B /* ChasingNetUITests.m in Sources */,
			);
			runOnlyForDeploymentPostprocessing = 0;
		};
/* End PBXSourcesBuildPhase section */

/* Begin PBXTargetDependency section */
		4771329A1BC7A32F0056974B /* PBXTargetDependency */ = {
			isa = PBXTargetDependency;
			target = 4771327E1BC7A32F0056974B /* ChasingNet */;
			targetProxy = 477132991BC7A32F0056974B /* PBXContainerItemProxy */;
		};
		477132A51BC7A32F0056974B /* PBXTargetDependency */ = {
			isa = PBXTargetDependency;
			target = 4771327E1BC7A32F0056974B /* ChasingNet */;
			targetProxy = 477132A41BC7A32F0056974B /* PBXContainerItemProxy */;
		};
/* End PBXTargetDependency section */

/* Begin PBXVariantGroup section */
		4771328B1BC7A32F0056974B /* Main.storyboard */ = {
			isa = PBXVariantGroup;
			children = (
				4771328C1BC7A32F0056974B /* Base */,
			);
			name = Main.storyboard;
			sourceTree = "<group>";
		};
		477132901BC7A32F0056974B /* LaunchScreen.storyboard */ = {
			isa = PBXVariantGroup;
			children = (
				477132911BC7A32F0056974B /* Base */,
			);
			name = LaunchScreen.storyboard;
			sourceTree = "<group>";
		};
/* End PBXVariantGroup section */

/* Begin XCBuildConfiguration section */
		477132AA1BC7A32F0056974B /* Debug */ = {
			isa = XCBuildConfiguration;
			buildSettings = {
				ALWAYS_SEARCH_USER_PATHS = NO;
				CLANG_CXX_LANGUAGE_STANDARD = "gnu++0x";
				CLANG_CXX_LIBRARY = "libc++";
				CLANG_ENABLE_MODULES = YES;
				CLANG_ENABLE_OBJC_ARC = YES;
				CLANG_WARN_BOOL_CONVERSION = YES;
				CLANG_WARN_CONSTANT_CONVERSION = YES;
				CLANG_WARN_DIRECT_OBJC_ISA_USAGE = YES_ERROR;
				CLANG_WARN_EMPTY_BODY = YES;
				CLANG_WARN_ENUM_CONVERSION = YES;
				CLANG_WARN_INT_CONVERSION = YES;
				CLANG_WARN_OBJC_ROOT_CLASS = YES_ERROR;
				CLANG_WARN_UNREACHABLE_CODE = YES;
				CLANG_WARN__DUPLICATE_METHOD_MATCH = YES;
				"CODE_SIGN_IDENTITY[sdk=iphoneos*]" = "iPhone Developer";
				COPY_PHASE_STRIP = NO;
				DEBUG_INFORMATION_FORMAT = dwarf;
				ENABLE_STRICT_OBJC_MSGSEND = YES;
				ENABLE_TESTABILITY = YES;
				GCC_C_LANGUAGE_STANDARD = gnu99;
				GCC_DYNAMIC_NO_PIC = NO;
				GCC_NO_COMMON_BLOCKS = YES;
				GCC_OPTIMIZATION_LEVEL = 0;
				GCC_PREPROCESSOR_DEFINITIONS = (
					"DEBUG=1",
					"$(inherited)",
				);
				GCC_WARN_64_TO_32_BIT_CONVERSION = YES;
				GCC_WARN_ABOUT_RETURN_TYPE = YES_ERROR;
				GCC_WARN_UNDECLARED_SELECTOR = YES;
				GCC_WARN_UNINITIALIZED_AUTOS = YES_AGGRESSIVE;
				GCC_WARN_UNUSED_FUNCTION = YES;
				GCC_WARN_UNUSED_VARIABLE = YES;
				IPHONEOS_DEPLOYMENT_TARGET = 9.0;
				MTL_ENABLE_DEBUG_INFO = YES;
				ONLY_ACTIVE_ARCH = YES;
				SDKROOT = iphoneos;
			};
			name = Debug;
		};
		477132AB1BC7A32F0056974B /* Release */ = {
			isa = XCBuildConfiguration;
			buildSettings = {
				ALWAYS_SEARCH_USER_PATHS = NO;
				CLANG_CXX_LANGUAGE_STANDARD = "gnu++0x";
				CLANG_CXX_LIBRARY = "libc++";
				CLANG_ENABLE_MODULES = YES;
				CLANG_ENABLE_OBJC_ARC = YES;
				CLANG_WARN_BOOL_CONVERSION = YES;
				CLANG_WARN_CONSTANT_CONVERSION = YES;
				CLANG_WARN_DIRECT_OBJC_ISA_USAGE = YES_ERROR;
				CLANG_WARN_EMPTY_BODY = YES;
				CLANG_WARN_ENUM_CONVERSION = YES;
				CLANG_WARN_INT_CONVERSION = YES;
				CLANG_WARN_OBJC_ROOT_CLASS = YES_ERROR;
				CLANG_WARN_UNREACHABLE_CODE = YES;
				CLANG_WARN__DUPLICATE_METHOD_MATCH = YES;
				"CODE_SIGN_IDENTITY[sdk=iphoneos*]" = "iPhone Developer";
				COPY_PHASE_STRIP = NO;
				DEBUG_INFORMATION_FORMAT = "dwarf-with-dsym";
				ENABLE_NS_ASSERTIONS = NO;
				ENABLE_STRICT_OBJC_MSGSEND = YES;
				GCC_C_LANGUAGE_STANDARD = gnu99;
				GCC_NO_COMMON_BLOCKS = YES;
				GCC_WARN_64_TO_32_BIT_CONVERSION = YES;
				GCC_WARN_ABOUT_RETURN_TYPE = YES_ERROR;
				GCC_WARN_UNDECLARED_SELECTOR = YES;
				GCC_WARN_UNINITIALIZED_AUTOS = YES_AGGRESSIVE;
				GCC_WARN_UNUSED_FUNCTION = YES;
				GCC_WARN_UNUSED_VARIABLE = YES;
				IPHONEOS_DEPLOYMENT_TARGET = 9.0;
				MTL_ENABLE_DEBUG_INFO = NO;
				SDKROOT = iphoneos;
				VALIDATE_PRODUCT = YES;
			};
			name = Release;
		};
		477132AD1BC7A32F0056974B /* Debug */ = {
			isa = XCBuildConfiguration;
			buildSettings = {
				ASSETCATALOG_COMPILER_APPICON_NAME = AppIcon;
				INFOPLIST_FILE = ChasingNet/Info.plist;
				LD_RUNPATH_SEARCH_PATHS = "$(inherited) @executable_path/Frameworks";
				PRODUCT_BUNDLE_IDENTIFIER = com.tianwenhao.ChasingNet;
				PRODUCT_NAME = "$(TARGET_NAME)";
			};
			name = Debug;
		};
		477132AE1BC7A32F0056974B /* Release */ = {
			isa = XCBuildConfiguration;
			buildSettings = {
				ASSETCATALOG_COMPILER_APPICON_NAME = AppIcon;
				INFOPLIST_FILE = ChasingNet/Info.plist;
				LD_RUNPATH_SEARCH_PATHS = "$(inherited) @executable_path/Frameworks";
				PRODUCT_BUNDLE_IDENTIFIER = com.tianwenhao.ChasingNet;
				PRODUCT_NAME = "$(TARGET_NAME)";
			};
			name = Release;
		};
		477132B01BC7A32F0056974B /* Debug */ = {
			isa = XCBuildConfiguration;
			buildSettings = {
				BUNDLE_LOADER = "$(TEST_HOST)";
				INFOPLIST_FILE = ChasingNetTests/Info.plist;
				LD_RUNPATH_SEARCH_PATHS = "$(inherited) @executable_path/Frameworks @loader_path/Frameworks";
				PRODUCT_BUNDLE_IDENTIFIER = com.tianwenhao.ChasingNetTests;
				PRODUCT_NAME = "$(TARGET_NAME)";
				TEST_HOST = "$(BUILT_PRODUCTS_DIR)/ChasingNet.app/ChasingNet";
			};
			name = Debug;
		};
		477132B11BC7A32F0056974B /* Release */ = {
			isa = XCBuildConfiguration;
			buildSettings = {
				BUNDLE_LOADER = "$(TEST_HOST)";
				INFOPLIST_FILE = ChasingNetTests/Info.plist;
				LD_RUNPATH_SEARCH_PATHS = "$(inherited) @executable_path/Frameworks @loader_path/Frameworks";
				PRODUCT_BUNDLE_IDENTIFIER = com.tianwenhao.ChasingNetTests;
				PRODUCT_NAME = "$(TARGET_NAME)";
				TEST_HOST = "$(BUILT_PRODUCTS_DIR)/ChasingNet.app/ChasingNet";
			};
			name = Release;
		};
		477132B31BC7A32F0056974B /* Debug */ = {
			isa = XCBuildConfiguration;
			buildSettings = {
				INFOPLIST_FILE = ChasingNetUITests/Info.plist;
				LD_RUNPATH_SEARCH_PATHS = "$(inherited) @executable_path/Frameworks @loader_path/Frameworks";
				PRODUCT_BUNDLE_IDENTIFIER = com.tianwenhao.ChasingNetUITests;
				PRODUCT_NAME = "$(TARGET_NAME)";
				TEST_TARGET_NAME = ChasingNet;
				USES_XCTRUNNER = YES;
			};
			name = Debug;
		};
		477132B41BC7A32F0056974B /* Release */ = {
			isa = XCBuildConfiguration;
			buildSettings = {
				INFOPLIST_FILE = ChasingNetUITests/Info.plist;
				LD_RUNPATH_SEARCH_PATHS = "$(inherited) @executable_path/Frameworks @loader_path/Frameworks";
				PRODUCT_BUNDLE_IDENTIFIER = com.tianwenhao.ChasingNetUITests;
				PRODUCT_NAME = "$(TARGET_NAME)";
				TEST_TARGET_NAME = ChasingNet;
				USES_XCTRUNNER = YES;
			};
			name = Release;
		};
/* End XCBuildConfiguration section */

/* Begin XCConfigurationList section */
		4771327A1BC7A32F0056974B /* Build configuration list for PBXProject "ChasingNet" */ = {
			isa = XCConfigurationList;
			buildConfigurations = (
				477132AA1BC7A32F0056974B /* Debug */,
				477132AB1BC7A32F0056974B /* Release */,
			);
			defaultConfigurationIsVisible = 0;
			defaultConfigurationName = Release;
		};
		477132AC1BC7A32F0056974B /* Build configuration list for PBXNativeTarget "ChasingNet" */ = {
			isa = XCConfigurationList;
			buildConfigurations = (
				477132AD1BC7A32F0056974B /* Debug */,
				477132AE1BC7A32F0056974B /* Release */,
			);
			defaultConfigurationIsVisible = 0;
			defaultConfigurationName = Release;
		};
		477132AF1BC7A32F0056974B /* Build configuration list for PBXNativeTarget "ChasingNetTests" */ = {
			isa = XCConfigurationList;
			buildConfigurations = (
				477132B01BC7A32F0056974B /* Debug */,
				477132B11BC7A32F0056974B /* Release */,
			);
			defaultConfigurationIsVisible = 0;
			defaultConfigurationName = Release;
		};
		477132B21BC7A32F0056974B /* Build configuration list for PBXNativeTarget "ChasingNetUITests" */ = {
			isa = XCConfigurationList;
			buildConfigurations = (
				477132B31BC7A32F0056974B /* Debug */,
				477132B41BC7A32F0056974B /* Release */,
			);
			defaultConfigurationIsVisible = 0;
			defaultConfigurationName = Release;
		};
/* End XCConfigurationList section */
	};
	rootObject = 477132771BC7A32F0056974B /* Project object */;
}
